
Microsoft Visual Studio Solution File, Format Version 12.00
# Visual Studio Version 17
VisualStudioVersion = 17.10.34916.146
MinimumVisualStudioVersion = 10.0.40219.1
Project("{2150E333-8FDC-42A3-9474-1A3956D46DE8}") = "Services", "Services", "{46A40FD7-9CD2-4502-8B88-BC939A0FF78F}"
EndProject
Project("{2150E333-8FDC-42A3-9474-1A3956D46DE8}") = "Catalog", "Catalog", "{787B9839-481E-4DD9-A37D-1902BE803D11}"
EndProject
Project("{9A19103F-16F7-4668-BE54-9A1E7A4F7556}") = "EcommerceAppMS.Catalog", "Services\Catalog\EcommerceAppMS.Catalog\EcommerceAppMS.Catalog.csproj", "{B6AE5D1A-77CC-4EA1-9E15-AC8CD1736840}"
EndProject
Project("{2150E333-8FDC-42A3-9474-1A3956D46DE8}") = "Shared", "Shared", "{7115C55B-A741-42A7-8FE4-0977BE14C657}"
EndProject
Project("{9A19103F-16F7-4668-BE54-9A1E7A4F7556}") = "EcommerceAppMS.Shared", "Shared\EcommerceAppMS.Shared\EcommerceAppMS.Shared.csproj", "{CF50C815-4D78-4A1F-8089-62D8D3A8563A}"
EndProject
Project("{2150E333-8FDC-42A3-9474-1A3956D46DE8}") = "IdentityServer", "IdentityServer", "{1E008F5A-EB6C-487D-A51E-45FD6327F0A8}"
EndProject
Project("{9A19103F-16F7-4668-BE54-9A1E7A4F7556}") = "ECommerceAppMS.IdentityServer", "IdentityServer\ECommerceAppMS.IdentityServer\ECommerceAppMS.IdentityServer.csproj", "{E0B8D798-DD01-42EA-8C76-0440BE594984}"
EndProject
Project("{2150E333-8FDC-42A3-9474-1A3956D46DE8}") = "PhotoStock", "PhotoStock", "{92ACF679-2FCE-429B-A349-4E57D39FA6A7}"
EndProject
Project("{9A19103F-16F7-4668-BE54-9A1E7A4F7556}") = "ECommerceAppMS.PhotoStock", "Services\PhotoStock\ECommerceAppMS.PhotoStock\ECommerceAppMS.PhotoStock.csproj", "{5EA5EF38-9E1E-490D-9527-B71E03BB51B3}"
EndProject
Project("{2150E333-8FDC-42A3-9474-1A3956D46DE8}") = "Solution Items", "Solution Items", "{E405AB9D-48D0-4A58-AC81-35979AC9D715}"
	ProjectSection(SolutionItems) = preProject
		ports.txt = ports.txt
	EndProjectSection
EndProject
Project("{2150E333-8FDC-42A3-9474-1A3956D46DE8}") = "Basket", "Basket", "{9120BD0E-3BC8-4BB9-A866-63710F03843B}"
EndProject
Project("{9A19103F-16F7-4668-BE54-9A1E7A4F7556}") = "ECommerceAppMS.Basket", "ECommerceAppMS.Basket\ECommerceAppMS.Basket.csproj", "{D7D80FE3-D440-4F1A-8C4B-FE732C23DAC6}"
EndProject
Project("{2150E333-8FDC-42A3-9474-1A3956D46DE8}") = "Discount", "Discount", "{7AD77FCA-8B49-48D3-A17D-B3D38AB0049B}"
EndProject
Project("{9A19103F-16F7-4668-BE54-9A1E7A4F7556}") = "ECommerceAppMS.DiscountAPI", "Services\Discount\ECommerceAppMS.DiscountAPI\ECommerceAppMS.DiscountAPI.csproj", "{4B5DBABC-93B2-426C-8858-44B889B6C437}"
EndProject
Project("{2150E333-8FDC-42A3-9474-1A3956D46DE8}") = "Order", "Order", "{971024B5-0B51-470B-89F1-05D4DF5ABCAA}"
EndProject
Project("{FAE04EC0-301F-11D3-BF4B-00C04F79EFBC}") = "ECommerceAppMS.Order.API", "Services\Order\ECommerceAppMS.Order.API\ECommerceAppMS.Order.API.csproj", "{D5DE0F36-1750-4C2A-B8DA-390CE1D3424D}"
EndProject
Project("{FAE04EC0-301F-11D3-BF4B-00C04F79EFBC}") = "ECommerceAppMS.Services.Order.Application", "Services\Order\ECommerceAppMS.Services.Order.Application\ECommerceAppMS.Services.Order.Application.csproj", "{9CDC51F8-78BB-44BB-A487-BB09D55E1D26}"
EndProject
Project("{FAE04EC0-301F-11D3-BF4B-00C04F79EFBC}") = "ECommerceAppMS.Services.Order.Domain.Core", "Services\Order\ECommerceAppMS.Services.Order.Domain.Core\ECommerceAppMS.Services.Order.Domain.Core.csproj", "{56B70143-7A40-4384-ADF8-4917DB5802AC}"
EndProject
Project("{FAE04EC0-301F-11D3-BF4B-00C04F79EFBC}") = "ECommerceAppMS.Services.Order.Domain", "Services\Order\ECommerceAppMS.Services.Order.Domain\ECommerceAppMS.Services.Order.Domain.csproj", "{7B1473F8-DD19-4EC4-AB7B-00C7639FAC75}"
EndProject
Project("{FAE04EC0-301F-11D3-BF4B-00C04F79EFBC}") = "ECommerceAppMS.Services.Order.Infrastructure", "Services\Order\ECommerceAppMS.Services.Order.Infrastructure\ECommerceAppMS.Services.Order.Infrastructure.csproj", "{0AA1501A-0A5B-4788-96F8-7C19094CEFFE}"
EndProject
Project("{2150E333-8FDC-42A3-9474-1A3956D46DE8}") = "Gateways", "Gateways", "{36EB23F7-B483-4459-B1D9-0458AF5FBFC0}"
EndProject
Project("{FAE04EC0-301F-11D3-BF4B-00C04F79EFBC}") = "ECommerceAppMS.Gateway", "Gateways\ECommerceAppMS.Gateway\ECommerceAppMS.Gateway.csproj", "{3DFE81C8-FDAB-4B98-BE59-11B763299B04}"
EndProject
Global
	GlobalSection(SolutionConfigurationPlatforms) = preSolution
		Debug|Any CPU = Debug|Any CPU
		Release|Any CPU = Release|Any CPU
	EndGlobalSection
	GlobalSection(ProjectConfigurationPlatforms) = postSolution
		{B6AE5D1A-77CC-4EA1-9E15-AC8CD1736840}.Debug|Any CPU.ActiveCfg = Debug|Any CPU
		{B6AE5D1A-77CC-4EA1-9E15-AC8CD1736840}.Debug|Any CPU.Build.0 = Debug|Any CPU
		{B6AE5D1A-77CC-4EA1-9E15-AC8CD1736840}.Release|Any CPU.ActiveCfg = Release|Any CPU
		{B6AE5D1A-77CC-4EA1-9E15-AC8CD1736840}.Release|Any CPU.Build.0 = Release|Any CPU
		{CF50C815-4D78-4A1F-8089-62D8D3A8563A}.Debug|Any CPU.ActiveCfg = Debug|Any CPU
		{CF50C815-4D78-4A1F-8089-62D8D3A8563A}.Debug|Any CPU.Build.0 = Debug|Any CPU
		{CF50C815-4D78-4A1F-8089-62D8D3A8563A}.Release|Any CPU.ActiveCfg = Release|Any CPU
		{CF50C815-4D78-4A1F-8089-62D8D3A8563A}.Release|Any CPU.Build.0 = Release|Any CPU
		{E0B8D798-DD01-42EA-8C76-0440BE594984}.Debug|Any CPU.ActiveCfg = Debug|Any CPU
		{E0B8D798-DD01-42EA-8C76-0440BE594984}.Debug|Any CPU.Build.0 = Debug|Any CPU
		{E0B8D798-DD01-42EA-8C76-0440BE594984}.Release|Any CPU.ActiveCfg = Release|Any CPU
		{E0B8D798-DD01-42EA-8C76-0440BE594984}.Release|Any CPU.Build.0 = Release|Any CPU
		{5EA5EF38-9E1E-490D-9527-B71E03BB51B3}.Debug|Any CPU.ActiveCfg = Debug|Any CPU
		{5EA5EF38-9E1E-490D-9527-B71E03BB51B3}.Debug|Any CPU.Build.0 = Debug|Any CPU
		{5EA5EF38-9E1E-490D-9527-B71E03BB51B3}.Release|Any CPU.ActiveCfg = Release|Any CPU
		{5EA5EF38-9E1E-490D-9527-B71E03BB51B3}.Release|Any CPU.Build.0 = Release|Any CPU
		{D7D80FE3-D440-4F1A-8C4B-FE732C23DAC6}.Debug|Any CPU.ActiveCfg = Debug|Any CPU
		{D7D80FE3-D440-4F1A-8C4B-FE732C23DAC6}.Debug|Any CPU.Build.0 = Debug|Any CPU
		{D7D80FE3-D440-4F1A-8C4B-FE732C23DAC6}.Release|Any CPU.ActiveCfg = Release|Any CPU
		{D7D80FE3-D440-4F1A-8C4B-FE732C23DAC6}.Release|Any CPU.Build.0 = Release|Any CPU
		{4B5DBABC-93B2-426C-8858-44B889B6C437}.Debug|Any CPU.ActiveCfg = Debug|Any CPU
		{4B5DBABC-93B2-426C-8858-44B889B6C437}.Debug|Any CPU.Build.0 = Debug|Any CPU
		{4B5DBABC-93B2-426C-8858-44B889B6C437}.Release|Any CPU.ActiveCfg = Release|Any CPU
		{4B5DBABC-93B2-426C-8858-44B889B6C437}.Release|Any CPU.Build.0 = Release|Any CPU
		{D5DE0F36-1750-4C2A-B8DA-390CE1D3424D}.Debug|Any CPU.ActiveCfg = Debug|Any CPU
		{D5DE0F36-1750-4C2A-B8DA-390CE1D3424D}.Debug|Any CPU.Build.0 = Debug|Any CPU
		{D5DE0F36-1750-4C2A-B8DA-390CE1D3424D}.Release|Any CPU.ActiveCfg = Release|Any CPU
		{D5DE0F36-1750-4C2A-B8DA-390CE1D3424D}.Release|Any CPU.Build.0 = Release|Any CPU
		{9CDC51F8-78BB-44BB-A487-BB09D55E1D26}.Debug|Any CPU.ActiveCfg = Debug|Any CPU
		{9CDC51F8-78BB-44BB-A487-BB09D55E1D26}.Debug|Any CPU.Build.0 = Debug|Any CPU
		{9CDC51F8-78BB-44BB-A487-BB09D55E1D26}.Release|Any CPU.ActiveCfg = Release|Any CPU
		{9CDC51F8-78BB-44BB-A487-BB09D55E1D26}.Release|Any CPU.Build.0 = Release|Any CPU
		{56B70143-7A40-4384-ADF8-4917DB5802AC}.Debug|Any CPU.ActiveCfg = Debug|Any CPU
		{56B70143-7A40-4384-ADF8-4917DB5802AC}.Debug|Any CPU.Build.0 = Debug|Any CPU
		{56B70143-7A40-4384-ADF8-4917DB5802AC}.Release|Any CPU.ActiveCfg = Release|Any CPU
		{56B70143-7A40-4384-ADF8-4917DB5802AC}.Release|Any CPU.Build.0 = Release|Any CPU
		{7B1473F8-DD19-4EC4-AB7B-00C7639FAC75}.Debug|Any CPU.ActiveCfg = Debug|Any CPU
		{7B1473F8-DD19-4EC4-AB7B-00C7639FAC75}.Debug|Any CPU.Build.0 = Debug|Any CPU
		{7B1473F8-DD19-4EC4-AB7B-00C7639FAC75}.Release|Any CPU.ActiveCfg = Release|Any CPU
		{7B1473F8-DD19-4EC4-AB7B-00C7639FAC75}.Release|Any CPU.Build.0 = Release|Any CPU
		{0AA1501A-0A5B-4788-96F8-7C19094CEFFE}.Debug|Any CPU.ActiveCfg = Debug|Any CPU
		{0AA1501A-0A5B-4788-96F8-7C19094CEFFE}.Debug|Any CPU.Build.0 = Debug|Any CPU
		{0AA1501A-0A5B-4788-96F8-7C19094CEFFE}.Release|Any CPU.ActiveCfg = Release|Any CPU
		{0AA1501A-0A5B-4788-96F8-7C19094CEFFE}.Release|Any CPU.Build.0 = Release|Any CPU
		{3DFE81C8-FDAB-4B98-BE59-11B763299B04}.Debug|Any CPU.ActiveCfg = Debug|Any CPU
		{3DFE81C8-FDAB-4B98-BE59-11B763299B04}.Debug|Any CPU.Build.0 = Debug|Any CPU
		{3DFE81C8-FDAB-4B98-BE59-11B763299B04}.Release|Any CPU.ActiveCfg = Release|Any CPU
		{3DFE81C8-FDAB-4B98-BE59-11B763299B04}.Release|Any CPU.Build.0 = Release|Any CPU
	EndGlobalSection
	GlobalSection(SolutionProperties) = preSolution
		HideSolutionNode = FALSE
	EndGlobalSection
	GlobalSection(NestedProjects) = preSolution
		{787B9839-481E-4DD9-A37D-1902BE803D11} = {46A40FD7-9CD2-4502-8B88-BC939A0FF78F}
		{B6AE5D1A-77CC-4EA1-9E15-AC8CD1736840} = {787B9839-481E-4DD9-A37D-1902BE803D11}
		{CF50C815-4D78-4A1F-8089-62D8D3A8563A} = {7115C55B-A741-42A7-8FE4-0977BE14C657}
		{E0B8D798-DD01-42EA-8C76-0440BE594984} = {1E008F5A-EB6C-487D-A51E-45FD6327F0A8}
		{92ACF679-2FCE-429B-A349-4E57D39FA6A7} = {46A40FD7-9CD2-4502-8B88-BC939A0FF78F}
		{5EA5EF38-9E1E-490D-9527-B71E03BB51B3} = {92ACF679-2FCE-429B-A349-4E57D39FA6A7}
		{9120BD0E-3BC8-4BB9-A866-63710F03843B} = {46A40FD7-9CD2-4502-8B88-BC939A0FF78F}
		{D7D80FE3-D440-4F1A-8C4B-FE732C23DAC6} = {9120BD0E-3BC8-4BB9-A866-63710F03843B}
		{7AD77FCA-8B49-48D3-A17D-B3D38AB0049B} = {46A40FD7-9CD2-4502-8B88-BC939A0FF78F}
		{4B5DBABC-93B2-426C-8858-44B889B6C437} = {7AD77FCA-8B49-48D3-A17D-B3D38AB0049B}
		{971024B5-0B51-470B-89F1-05D4DF5ABCAA} = {46A40FD7-9CD2-4502-8B88-BC939A0FF78F}
		{D5DE0F36-1750-4C2A-B8DA-390CE1D3424D} = {971024B5-0B51-470B-89F1-05D4DF5ABCAA}
		{9CDC51F8-78BB-44BB-A487-BB09D55E1D26} = {971024B5-0B51-470B-89F1-05D4DF5ABCAA}
		{56B70143-7A40-4384-ADF8-4917DB5802AC} = {971024B5-0B51-470B-89F1-05D4DF5ABCAA}
		{7B1473F8-DD19-4EC4-AB7B-00C7639FAC75} = {971024B5-0B51-470B-89F1-05D4DF5ABCAA}
		{0AA1501A-0A5B-4788-96F8-7C19094CEFFE} = {971024B5-0B51-470B-89F1-05D4DF5ABCAA}
		{3DFE81C8-FDAB-4B98-BE59-11B763299B04} = {36EB23F7-B483-4459-B1D9-0458AF5FBFC0}
	EndGlobalSection
	GlobalSection(ExtensibilityGlobals) = postSolution
		SolutionGuid = {1BD082BE-B717-4018-A63B-7F15F1BF9393}
	EndGlobalSection
EndGlobal
